// !$*UTF8*$!
{
	archiveVersion = 1;
	classes = {
	};
	objectVersion = 46;
	objects = {

/* Begin PBXBuildFile section */
		A088106A1AA74129004C2DB0 /* main.m in Sources */ = {isa = PBXBuildFile; fileRef = A08810691AA74129004C2DB0 /* main.m */; };
		A088106D1AA74129004C2DB0 /* AppDelegate.m in Sources */ = {isa = PBXBuildFile; fileRef = A088106C1AA74129004C2DB0 /* AppDelegate.m */; };
		A08810701AA74129004C2DB0 /* ViewController.m in Sources */ = {isa = PBXBuildFile; fileRef = A088106F1AA74129004C2DB0 /* ViewController.m */; };
		A08810731AA74129004C2DB0 /* Main.storyboard in Resources */ = {isa = PBXBuildFile; fileRef = A08810711AA74129004C2DB0 /* Main.storyboard */; };
		A08810751AA74129004C2DB0 /* Images.xcassets in Resources */ = {isa = PBXBuildFile; fileRef = A08810741AA74129004C2DB0 /* Images.xcassets */; };
		A08810781AA74129004C2DB0 /* LaunchScreen.xib in Resources */ = {isa = PBXBuildFile; fileRef = A08810761AA74129004C2DB0 /* LaunchScreen.xib */; };
		A08810841AA74129004C2DB0 /* PercolateCoffeeTests.m in Sources */ = {isa = PBXBuildFile; fileRef = A08810831AA74129004C2DB0 /* PercolateCoffeeTests.m */; };
/* End PBXBuildFile section */

/* Begin PBXContainerItemProxy section */
		A088107E1AA74129004C2DB0 /* PBXContainerItemProxy */ = {
			isa = PBXContainerItemProxy;
			containerPortal = A088105C1AA74129004C2DB0 /* Project object */;
			proxyType = 1;
			remoteGlobalIDString = A08810631AA74129004C2DB0;
			remoteInfo = PercolateCoffee;
		};
/* End PBXContainerItemProxy section */

/* Begin PBXFileReference section */
		A08810641AA74129004C2DB0 /* PercolateCoffee.app */ = {isa = PBXFileReference; explicitFileType = wrapper.application; includeInIndex = 0; path = PercolateCoffee.app; sourceTree = BUILT_PRODUCTS_DIR; };
		A08810681AA74129004C2DB0 /* Info.plist */ = {isa = PBXFileReference; lastKnownFileType = text.plist.xml; path = Info.plist; sourceTree = "<group>"; };
		A08810691AA74129004C2DB0 /* main.m */ = {isa = PBXFileReference; lastKnownFileType = sourcecode.c.objc; path = main.m; sourceTree = "<group>"; };
		A088106B1AA74129004C2DB0 /* AppDelegate.h */ = {isa = PBXFileReference; lastKnownFileType = sourcecode.c.h; path = AppDelegate.h; sourceTree = "<group>"; };
		A088106C1AA74129004C2DB0 /* AppDelegate.m */ = {isa = PBXFileReference; lastKnownFileType = sourcecode.c.objc; path = AppDelegate.m; sourceTree = "<group>"; };
		A088106E1AA74129004C2DB0 /* ViewController.h */ = {isa = PBXFileReference; lastKnownFileType = sourcecode.c.h; path = ViewController.h; sourceTree = "<group>"; };
		A088106F1AA74129004C2DB0 /* ViewController.m */ = {isa = PBXFileReference; lastKnownFileType = sourcecode.c.objc; path = ViewController.m; sourceTree = "<group>"; };
		A08810721AA74129004C2DB0 /* Base */ = {isa = PBXFileReference; lastKnownFileType = file.storyboard; name = Base; path = Base.lproj/Main.storyboard; sourceTree = "<group>"; };
		A08810741AA74129004C2DB0 /* Images.xcassets */ = {isa = PBXFileReference; lastKnownFileType = folder.assetcatalog; path = Images.xcassets; sourceTree = "<group>"; };
		A08810771AA74129004C2DB0 /* Base */ = {isa = PBXFileReference; lastKnownFileType = file.xib; name = Base; path = Base.lproj/LaunchScreen.xib; sourceTree = "<group>"; };
		A088107D1AA74129004C2DB0 /* PercolateCoffeeTests.xctest */ = {isa = PBXFileReference; explicitFileType = wrapper.cfbundle; includeInIndex = 0; path = PercolateCoffeeTests.xctest; sourceTree = BUILT_PRODUCTS_DIR; };
		A08810821AA74129004C2DB0 /* Info.plist */ = {isa = PBXFileReference; lastKnownFileType = text.plist.xml; path = Info.plist; sourceTree = "<group>"; };
		A08810831AA74129004C2DB0 /* PercolateCoffeeTests.m */ = {isa = PBXFileReference; lastKnownFileType = sourcecode.c.objc; path = PercolateCoffeeTests.m; sourceTree = "<group>"; };
/* End PBXFileReference section */

/* Begin PBXFrameworksBuildPhase section */
		A08810611AA74129004C2DB0 /* Frameworks */ = {
			isa = PBXFrameworksBuildPhase;
			buildActionMask = 2147483647;
			files = (
			);
			runOnlyForDeploymentPostprocessing = 0;
		};
		A088107A1AA74129004C2DB0 /* Frameworks */ = {
			isa = PBXFrameworksBuildPhase;
			buildActionMask = 2147483647;
			files = (
			);
			runOnlyForDeploymentPostprocessing = 0;
		};
/* End PBXFrameworksBuildPhase section */

/* Begin PBXGroup section */
		A088105B1AA74129004C2DB0 = {
			isa = PBXGroup;
			children = (
				A08810661AA74129004C2DB0 /* PercolateCoffee */,
				A08810801AA74129004C2DB0 /* PercolateCoffeeTests */,
				A08810651AA74129004C2DB0 /* Products */,
			);
			sourceTree = "<group>";
		};
		A08810651AA74129004C2DB0 /* Products */ = {
			isa = PBXGroup;
			children = (
				A08810641AA74129004C2DB0 /* PercolateCoffee.app */,
				A088107D1AA74129004C2DB0 /* PercolateCoffeeTests.xctest */,
			);
			name = Products;
			sourceTree = "<group>";
		};
		A08810661AA74129004C2DB0 /* PercolateCoffee */ = {
			isa = PBXGroup;
			children = (
				A088106B1AA74129004C2DB0 /* AppDelegate.h */,
				A088106C1AA74129004C2DB0 /* AppDelegate.m */,
				A088106E1AA74129004C2DB0 /* ViewController.h */,
				A088106F1AA74129004C2DB0 /* ViewController.m */,
				A08810711AA74129004C2DB0 /* Main.storyboard */,
				A08810741AA74129004C2DB0 /* Images.xcassets */,
				A08810761AA74129004C2DB0 /* LaunchScreen.xib */,
				A08810671AA74129004C2DB0 /* Supporting Files */,
			);
			path = PercolateCoffee;
			sourceTree = "<group>";
		};
		A08810671AA74129004C2DB0 /* Supporting Files */ = {
			isa = PBXGroup;
			children = (
				A08810681AA74129004C2DB0 /* Info.plist */,
				A08810691AA74129004C2DB0 /* main.m */,
			);
			name = "Supporting Files";
			sourceTree = "<group>";
		};
		A08810801AA74129004C2DB0 /* PercolateCoffeeTests */ = {
			isa = PBXGroup;
			children = (
				A08810831AA74129004C2DB0 /* PercolateCoffeeTests.m */,
				A08810811AA74129004C2DB0 /* Supporting Files */,
			);
			path = PercolateCoffeeTests;
			sourceTree = "<group>";
		};
		A08810811AA74129004C2DB0 /* Supporting Files */ = {
			isa = PBXGroup;
			children = (
				A08810821AA74129004C2DB0 /* Info.plist */,
			);
			name = "Supporting Files";
			sourceTree = "<group>";
		};
/* End PBXGroup section */

/* Begin PBXNativeTarget section */
		A08810631AA74129004C2DB0 /* PercolateCoffee */ = {
			isa = PBXNativeTarget;
			buildConfigurationList = A08810871AA74129004C2DB0 /* Build configuration list for PBXNativeTarget "PercolateCoffee" */;
			buildPhases = (
				A08810601AA74129004C2DB0 /* Sources */,
				A08810611AA74129004C2DB0 /* Frameworks */,
				A08810621AA74129004C2DB0 /* Resources */,
			);
			buildRules = (
			);
			dependencies = (
			);
			name = PercolateCoffee;
			productName = PercolateCoffee;
			productReference = A08810641AA74129004C2DB0 /* PercolateCoffee.app */;
			productType = "com.apple.product-type.application";
		};
		A088107C1AA74129004C2DB0 /* PercolateCoffeeTests */ = {
			isa = PBXNativeTarget;
			buildConfigurationList = A088108A1AA74129004C2DB0 /* Build configuration list for PBXNativeTarget "PercolateCoffeeTests" */;
			buildPhases = (
				A08810791AA74129004C2DB0 /* Sources */,
				A088107A1AA74129004C2DB0 /* Frameworks */,
				A088107B1AA74129004C2DB0 /* Resources */,
			);
			buildRules = (
			);
			dependencies = (
				A088107F1AA74129004C2DB0 /* PBXTargetDependency */,
			);
			name = PercolateCoffeeTests;
			productName = PercolateCoffeeTests;
			productReference = A088107D1AA74129004C2DB0 /* PercolateCoffeeTests.xctest */;
			productType = "com.apple.product-type.bundle.unit-test";
		};
/* End PBXNativeTarget section */

/* Begin PBXProject section */
		A088105C1AA74129004C2DB0 /* Project object */ = {
			isa = PBXProject;
			attributes = {
				LastUpgradeCheck = 0610;
				ORGANIZATIONNAME = "d.g.habib7@gmail.com";
				TargetAttributes = {
					A08810631AA74129004C2DB0 = {
						CreatedOnToolsVersion = 6.1.1;
					};
					A088107C1AA74129004C2DB0 = {
						CreatedOnToolsVersion = 6.1.1;
						TestTargetID = A08810631AA74129004C2DB0;
					};
				};
			};
			buildConfigurationList = A088105F1AA74129004C2DB0 /* Build configuration list for PBXProject "PercolateCoffee" */;
			compatibilityVersion = "Xcode 3.2";
			developmentRegion = English;
			hasScannedForEncodings = 0;
			knownRegions = (
				en,
				Base,
			);
			mainGroup = A088105B1AA74129004C2DB0;
			productRefGroup = A08810651AA74129004C2DB0 /* Products */;
			projectDirPath = "";
			projectRoot = "";
			targets = (
				A08810631AA74129004C2DB0 /* PercolateCoffee */,
				A088107C1AA74129004C2DB0 /* PercolateCoffeeTests */,
			);
		};
/* End PBXProject section */

/* Begin PBXResourcesBuildPhase section */
		A08810621AA74129004C2DB0 /* Resources */ = {
			isa = PBXResourcesBuildPhase;
			buildActionMask = 2147483647;
			files = (
				A08810731AA74129004C2DB0 /* Main.storyboard in Resources */,
				A08810781AA74129004C2DB0 /* LaunchScreen.xib in Resources */,
				A08810751AA74129004C2DB0 /* Images.xcassets in Resources */,
			);
			runOnlyForDeploymentPostprocessing = 0;
		};
		A088107B1AA74129004C2DB0 /* Resources */ = {
			isa = PBXResourcesBuildPhase;
			buildActionMask = 2147483647;
			files = (
			);
			runOnlyForDeploymentPostprocessing = 0;
		};
/* End PBXResourcesBuildPhase section */

/* Begin PBXSourcesBuildPhase section */
		A08810601AA74129004C2DB0 /* Sources */ = {
			isa = PBXSourcesBuildPhase;
			buildActionMask = 2147483647;
			files = (
				A08810701AA74129004C2DB0 /* ViewController.m in Sources */,
				A088106D1AA74129004C2DB0 /* AppDelegate.m in Sources */,
				A088106A1AA74129004C2DB0 /* main.m in Sources */,
			);
			runOnlyForDeploymentPostprocessing = 0;
		};
		A08810791AA74129004C2DB0 /* Sources */ = {
			isa = PBXSourcesBuildPhase;
			buildActionMask = 2147483647;
			files = (
				A08810841AA74129004C2DB0 /* PercolateCoffeeTests.m in Sources */,
			);
			runOnlyForDeploymentPostprocessing = 0;
		};
/* End PBXSourcesBuildPhase section */

/* Begin PBXTargetDependency section */
		A088107F1AA74129004C2DB0 /* PBXTargetDependency */ = {
			isa = PBXTargetDependency;
			target = A08810631AA74129004C2DB0 /* PercolateCoffee */;
			targetProxy = A088107E1AA74129004C2DB0 /* PBXContainerItemProxy */;
		};
/* End PBXTargetDependency section */

/* Begin PBXVariantGroup section */
		A08810711AA74129004C2DB0 /* Main.storyboard */ = {
			isa = PBXVariantGroup;
			children = (
				A08810721AA74129004C2DB0 /* Base */,
			);
			name = Main.storyboard;
			sourceTree = "<group>";
		};
		A08810761AA74129004C2DB0 /* LaunchScreen.xib */ = {
			isa = PBXVariantGroup;
			children = (
				A08810771AA74129004C2DB0 /* Base */,
			);
			name = LaunchScreen.xib;
			sourceTree = "<group>";
		};
/* End PBXVariantGroup section */

/* Begin XCBuildConfiguration section */
		A08810851AA74129004C2DB0 /* Debug */ = {
			isa = XCBuildConfiguration;
			buildSettings = {
				ALWAYS_SEARCH_USER_PATHS = NO;
				CLANG_CXX_LANGUAGE_STANDARD = "gnu++0x";
				CLANG_CXX_LIBRARY = "libc++";
				CLANG_ENABLE_MODULES = YES;
				CLANG_ENABLE_OBJC_ARC = YES;
				CLANG_WARN_BOOL_CONVERSION = YES;
				CLANG_WARN_CONSTANT_CONVERSION = YES;
				CLANG_WARN_DIRECT_OBJC_ISA_USAGE = YES_ERROR;
				CLANG_WARN_EMPTY_BODY = YES;
				CLANG_WARN_ENUM_CONVERSION = YES;
				CLANG_WARN_INT_CONVERSION = YES;
				CLANG_WARN_OBJC_ROOT_CLASS = YES_ERROR;
				CLANG_WARN_UNREACHABLE_CODE = YES;
				CLANG_WARN__DUPLICATE_METHOD_MATCH = YES;
				"CODE_SIGN_IDENTITY[sdk=iphoneos*]" = "iPhone Developer";
				COPY_PHASE_STRIP = NO;
				ENABLE_STRICT_OBJC_MSGSEND = YES;
				GCC_C_LANGUAGE_STANDARD = gnu99;
				GCC_DYNAMIC_NO_PIC = NO;
				GCC_OPTIMIZATION_LEVEL = 0;
				GCC_PREPROCESSOR_DEFINITIONS = (
					"DEBUG=1",
					"$(inherited)",
				);
				GCC_SYMBOLS_PRIVATE_EXTERN = NO;
				GCC_WARN_64_TO_32_BIT_CONVERSION = YES;
				GCC_WARN_ABOUT_RETURN_TYPE = YES_ERROR;
				GCC_WARN_UNDECLARED_SELECTOR = YES;
				GCC_WARN_UNINITIALIZED_AUTOS = YES_AGGRESSIVE;
				GCC_WARN_UNUSED_FUNCTION = YES;
				GCC_WARN_UNUSED_VARIABLE = YES;
				IPHONEOS_DEPLOYMENT_TARGET = 8.1;
				MTL_ENABLE_DEBUG_INFO = YES;
				ONLY_ACTIVE_ARCH = YES;
				SDKROOT = iphoneos;
			};
			name = Debug;
		};
		A08810861AA74129004C2DB0 /* Release */ = {
			isa = XCBuildConfiguration;
			buildSettings = {
				ALWAYS_SEARCH_USER_PATHS = NO;
				CLANG_CXX_LANGUAGE_STANDARD = "gnu++0x";
				CLANG_CXX_LIBRARY = "libc++";
				CLANG_ENABLE_MODULES = YES;
				CLANG_ENABLE_OBJC_ARC = YES;
				CLANG_WARN_BOOL_CONVERSION = YES;
				CLANG_WARN_CONSTANT_CONVERSION = YES;
				CLANG_WARN_DIRECT_OBJC_ISA_USAGE = YES_ERROR;
				CLANG_WARN_EMPTY_BODY = YES;
				CLANG_WARN_ENUM_CONVERSION = YES;
				CLANG_WARN_INT_CONVERSION = YES;
				CLANG_WARN_OBJC_ROOT_CLASS = YES_ERROR;
				CLANG_WARN_UNREACHABLE_CODE = YES;
				CLANG_WARN__DUPLICATE_METHOD_MATCH = YES;
				"CODE_SIGN_IDENTITY[sdk=iphoneos*]" = "iPhone Developer";
				COPY_PHASE_STRIP = YES;
				ENABLE_NS_ASSERTIONS = NO;
				ENABLE_STRICT_OBJC_MSGSEND = YES;
				GCC_C_LANGUAGE_STANDARD = gnu99;
				GCC_WARN_64_TO_32_BIT_CONVERSION = YES;
				GCC_WARN_ABOUT_RETURN_TYPE = YES_ERROR;
				GCC_WARN_UNDECLARED_SELECTOR = YES;
				GCC_WARN_UNINITIALIZED_AUTOS = YES_AGGRESSIVE;
				GCC_WARN_UNUSED_FUNCTION = YES;
				GCC_WARN_UNUSED_VARIABLE = YES;
				IPHONEOS_DEPLOYMENT_TARGET = 8.1;
				MTL_ENABLE_DEBUG_INFO = NO;
				SDKROOT = iphoneos;
				VALIDATE_PRODUCT = YES;
			};
			name = Release;
		};
		A08810881AA74129004C2DB0 /* Debug */ = {
			isa = XCBuildConfiguration;
			buildSettings = {
				ASSETCATALOG_COMPILER_APPICON_NAME = AppIcon;
				INFOPLIST_FILE = PercolateCoffee/Info.plist;
				LD_RUNPATH_SEARCH_PATHS = "$(inherited) @executable_path/Frameworks";
				PRODUCT_NAME = "$(TARGET_NAME)";
			};
			name = Debug;
		};
		A08810891AA74129004C2DB0 /* Release */ = {
			isa = XCBuildConfiguration;
			buildSettings = {
				ASSETCATALOG_COMPILER_APPICON_NAME = AppIcon;
				INFOPLIST_FILE = PercolateCoffee/Info.plist;
				LD_RUNPATH_SEARCH_PATHS = "$(inherited) @executable_path/Frameworks";
				PRODUCT_NAME = "$(TARGET_NAME)";
			};
			name = Release;
		};
		A088108B1AA74129004C2DB0 /* Debug */ = {
			isa = XCBuildConfiguration;
			buildSettings = {
				BUNDLE_LOADER = "$(TEST_HOST)";
				FRAMEWORK_SEARCH_PATHS = (
					"$(SDKROOT)/Developer/Library/Frameworks",
					"$(inherited)",
				);
				GCC_PREPROCESSOR_DEFINITIONS = (
					"DEBUG=1",
					"$(inherited)",
				);
				INFOPLIST_FILE = PercolateCoffeeTests/Info.plist;
				LD_RUNPATH_SEARCH_PATHS = "$(inherited) @executable_path/Frameworks @loader_path/Frameworks";
				PRODUCT_NAME = "$(TARGET_NAME)";
				TEST_HOST = "$(BUILT_PRODUCTS_DIR)/PercolateCoffee.app/PercolateCoffee";
			};
			name = Debug;
		};
		A088108C1AA74129004C2DB0 /* Release */ = {
			isa = XCBuildConfiguration;
			buildSettings = {
				BUNDLE_LOADER = "$(TEST_HOST)";
				FRAMEWORK_SEARCH_PATHS = (
					"$(SDKROOT)/Developer/Library/Frameworks",
					"$(inherited)",
				);
				INFOPLIST_FILE = PercolateCoffeeTests/Info.plist;
				LD_RUNPATH_SEARCH_PATHS = "$(inherited) @executable_path/Frameworks @loader_path/Frameworks";
				PRODUCT_NAME = "$(TARGET_NAME)";
				TEST_HOST = "$(BUILT_PRODUCTS_DIR)/PercolateCoffee.app/PercolateCoffee";
			};
			name = Release;
		};
/* End XCBuildConfiguration section */

/* Begin XCConfigurationList section */
		A088105F1AA74129004C2DB0 /* Build configuration list for PBXProject "PercolateCoffee" */ = {
			isa = XCConfigurationList;
			buildConfigurations = (
				A08810851AA74129004C2DB0 /* Debug */,
				A08810861AA74129004C2DB0 /* Release */,
			);
			defaultConfigurationIsVisible = 0;
			defaultConfigurationName = Release;
		};
		A08810871AA74129004C2DB0 /* Build configuration list for PBXNativeTarget "PercolateCoffee" */ = {
			isa = XCConfigurationList;
			buildConfigurations = (
				A08810881AA74129004C2DB0 /* Debug */,
				A08810891AA74129004C2DB0 /* Release */,
			);
			defaultConfigurationIsVisible = 0;
		};
		A088108A1AA74129004C2DB0 /* Build configuration list for PBXNativeTarget "PercolateCoffeeTests" */ = {
			isa = XCConfigurationList;
			buildConfigurations = (
				A088108B1AA74129004C2DB0 /* Debug */,
				A088108C1AA74129004C2DB0 /* Release */,
			);
			defaultConfigurationIsVisible = 0;
		};
/* End XCConfigurationList section */
	};
	rootObject = A088105C1AA74129004C2DB0 /* Project object */;
}
